
Microsoft Visual Studio Solution File, Format Version 12.00
# Visual Studio 15
VisualStudioVersion = 15.0.28307.329
MinimumVisualStudioVersion = 10.0.40219.1
Project("{FAE04EC0-301F-11D3-BF4B-00C04F79EFBC}") = "WebApiCRUD", "WebApiCRUD\WebApiCRUD.csproj", "{60143CDC-B73E-4437-9B25-BFCBC984005C}"
EndProject
Global
	GlobalSection(SolutionConfigurationPlatforms) = preSolution
		Debug|Any CPU = Debug|Any CPU
		Release|Any CPU = Release|Any CPU
	EndGlobalSection
	GlobalSection(ProjectConfigurationPlatforms) = postSolution
		{60143CDC-B73E-4437-9B25-BFCBC984005C}.Debug|Any CPU.ActiveCfg = Debug|Any CPU
		{60143CDC-B73E-4437-9B25-BFCBC984005C}.Debug|Any CPU.Build.0 = Debug|Any CPU
		{60143CDC-B73E-4437-9B25-BFCBC984005C}.Release|Any CPU.ActiveCfg = Release|Any CPU
		{60143CDC-B73E-4437-9B25-BFCBC984005C}.Release|Any CPU.Build.0 = Release|Any CPU
	EndGlobalSection
	GlobalSection(SolutionProperties) = preSolution
		HideSolutionNode = FALSE
	EndGlobalSection
	GlobalSection(ExtensibilityGlobals) = postSolution
		SolutionGuid = {C56698CD-23E0-458B-83DD-1C91BB4B8507}
	EndGlobalSection
EndGlobal
